
Microsoft Visual Studio Solution File, Format Version 12.00
# Visual Studio Version 17
VisualStudioVersion = 17.11.35312.102
MinimumVisualStudioVersion = 10.0.40219.1
Project("{9A19103F-16F7-4668-BE54-9A1E7A4F7556}") = "Surveyorv3", "Surveyorv3\Surveyorv3.csproj", "{775F1225-EC27-4ADC-A3FE-C47E2AF55BCD}"
	ProjectSection(ProjectDependencies) = postProject
		{C55760FD-229D-4157-8694-47C284BDD6AE} = {C55760FD-229D-4157-8694-47C284BDD6AE}
	EndProjectSection
EndProject
Project("{8BC9CEB8-8B4A-11D0-8D11-00A0C91BC942}") = "EMObsReaderCore", "EMObsReaderCore\EMObsReaderCore.vcxproj", "{5FD53109-D655-4D68-8435-07A172F5ECAE}"
EndProject
Project("{8BC9CEB8-8B4A-11D0-8D11-00A0C91BC942}") = "EMObsReaderCLR", "EMObsReaderCLR\EMObsReaderCLR.vcxproj", "{C55760FD-229D-4157-8694-47C284BDD6AE}"
EndProject
Project("{8BC9CEB8-8B4A-11D0-8D11-00A0C91BC942}") = "EMObsReader", "EMObsReader\EMObsReader.vcxproj", "{F07D763B-10F9-4E85-A009-39082DEDBC7A}"
EndProject
Project("{FAE04EC0-301F-11D3-BF4B-00C04F79EFBC}") = "Surveyor3.Tests", "Surveyor3.Tests\Surveyor3.Tests.csproj", "{DC0B2AED-F033-4935-9535-C062554AF32F}"
EndProject
Project("{FAE04EC0-301F-11D3-BF4B-00C04F79EFBC}") = "GoProMP4MetadataExtraction", "GoProMP4MetadataExtraction\GoProMP4MetadataExtraction.csproj", "{B7899B87-13A9-4AB5-97B3-8D94ED6358B8}"
EndProject
Global
	GlobalSection(SolutionConfigurationPlatforms) = preSolution
		Debug|Any CPU = Debug|Any CPU
		Debug|ARM64 = Debug|ARM64
		Debug|x64 = Debug|x64
		Debug|x86 = Debug|x86
		Release|Any CPU = Release|Any CPU
		Release|ARM64 = Release|ARM64
		Release|x64 = Release|x64
		Release|x86 = Release|x86
	EndGlobalSection
	GlobalSection(ProjectConfigurationPlatforms) = postSolution
		{775F1225-EC27-4ADC-A3FE-C47E2AF55BCD}.Debug|Any CPU.ActiveCfg = Debug|x64
		{775F1225-EC27-4ADC-A3FE-C47E2AF55BCD}.Debug|Any CPU.Build.0 = Debug|x64
		{775F1225-EC27-4ADC-A3FE-C47E2AF55BCD}.Debug|Any CPU.Deploy.0 = Debug|x64
		{775F1225-EC27-4ADC-A3FE-C47E2AF55BCD}.Debug|ARM64.ActiveCfg = Debug|ARM64
		{775F1225-EC27-4ADC-A3FE-C47E2AF55BCD}.Debug|ARM64.Build.0 = Debug|ARM64
		{775F1225-EC27-4ADC-A3FE-C47E2AF55BCD}.Debug|ARM64.Deploy.0 = Debug|ARM64
		{775F1225-EC27-4ADC-A3FE-C47E2AF55BCD}.Debug|x64.ActiveCfg = Debug|x64
		{775F1225-EC27-4ADC-A3FE-C47E2AF55BCD}.Debug|x64.Build.0 = Debug|x64
		{775F1225-EC27-4ADC-A3FE-C47E2AF55BCD}.Debug|x64.Deploy.0 = Debug|x64
		{775F1225-EC27-4ADC-A3FE-C47E2AF55BCD}.Debug|x86.ActiveCfg = Debug|x86
		{775F1225-EC27-4ADC-A3FE-C47E2AF55BCD}.Debug|x86.Build.0 = Debug|x86
		{775F1225-EC27-4ADC-A3FE-C47E2AF55BCD}.Debug|x86.Deploy.0 = Debug|x86
		{775F1225-EC27-4ADC-A3FE-C47E2AF55BCD}.Release|Any CPU.ActiveCfg = Release|x64
		{775F1225-EC27-4ADC-A3FE-C47E2AF55BCD}.Release|Any CPU.Build.0 = Release|x64
		{775F1225-EC27-4ADC-A3FE-C47E2AF55BCD}.Release|Any CPU.Deploy.0 = Release|x64
		{775F1225-EC27-4ADC-A3FE-C47E2AF55BCD}.Release|ARM64.ActiveCfg = Release|ARM64
		{775F1225-EC27-4ADC-A3FE-C47E2AF55BCD}.Release|ARM64.Build.0 = Release|ARM64
		{775F1225-EC27-4ADC-A3FE-C47E2AF55BCD}.Release|ARM64.Deploy.0 = Release|ARM64
		{775F1225-EC27-4ADC-A3FE-C47E2AF55BCD}.Release|x64.ActiveCfg = Release|x64
		{775F1225-EC27-4ADC-A3FE-C47E2AF55BCD}.Release|x64.Build.0 = Release|x64
		{775F1225-EC27-4ADC-A3FE-C47E2AF55BCD}.Release|x64.Deploy.0 = Release|x64
		{775F1225-EC27-4ADC-A3FE-C47E2AF55BCD}.Release|x86.ActiveCfg = Release|x86
		{775F1225-EC27-4ADC-A3FE-C47E2AF55BCD}.Release|x86.Build.0 = Release|x86
		{775F1225-EC27-4ADC-A3FE-C47E2AF55BCD}.Release|x86.Deploy.0 = Release|x86
		{5FD53109-D655-4D68-8435-07A172F5ECAE}.Debug|Any CPU.ActiveCfg = Debug|x64
		{5FD53109-D655-4D68-8435-07A172F5ECAE}.Debug|Any CPU.Build.0 = Debug|x64
		{5FD53109-D655-4D68-8435-07A172F5ECAE}.Debug|ARM64.ActiveCfg = Debug|x64
		{5FD53109-D655-4D68-8435-07A172F5ECAE}.Debug|ARM64.Build.0 = Debug|x64
		{5FD53109-D655-4D68-8435-07A172F5ECAE}.Debug|x64.ActiveCfg = Debug|x64
		{5FD53109-D655-4D68-8435-07A172F5ECAE}.Debug|x64.Build.0 = Debug|x64
		{5FD53109-D655-4D68-8435-07A172F5ECAE}.Debug|x86.ActiveCfg = Debug|Win32
		{5FD53109-D655-4D68-8435-07A172F5ECAE}.Debug|x86.Build.0 = Debug|Win32
		{5FD53109-D655-4D68-8435-07A172F5ECAE}.Release|Any CPU.ActiveCfg = Release|x64
		{5FD53109-D655-4D68-8435-07A172F5ECAE}.Release|Any CPU.Build.0 = Release|x64
		{5FD53109-D655-4D68-8435-07A172F5ECAE}.Release|ARM64.ActiveCfg = Release|x64
		{5FD53109-D655-4D68-8435-07A172F5ECAE}.Release|ARM64.Build.0 = Release|x64
		{5FD53109-D655-4D68-8435-07A172F5ECAE}.Release|x64.ActiveCfg = Release|x64
		{5FD53109-D655-4D68-8435-07A172F5ECAE}.Release|x64.Build.0 = Release|x64
		{5FD53109-D655-4D68-8435-07A172F5ECAE}.Release|x86.ActiveCfg = Release|Win32
		{5FD53109-D655-4D68-8435-07A172F5ECAE}.Release|x86.Build.0 = Release|Win32
		{C55760FD-229D-4157-8694-47C284BDD6AE}.Debug|Any CPU.ActiveCfg = Debug|x64
		{C55760FD-229D-4157-8694-47C284BDD6AE}.Debug|Any CPU.Build.0 = Debug|x64
		{C55760FD-229D-4157-8694-47C284BDD6AE}.Debug|ARM64.ActiveCfg = Debug|x64
		{C55760FD-229D-4157-8694-47C284BDD6AE}.Debug|ARM64.Build.0 = Debug|x64
		{C55760FD-229D-4157-8694-47C284BDD6AE}.Debug|x64.ActiveCfg = Debug|x64
		{C55760FD-229D-4157-8694-47C284BDD6AE}.Debug|x64.Build.0 = Debug|x64
		{C55760FD-229D-4157-8694-47C284BDD6AE}.Debug|x86.ActiveCfg = Debug|Win32
		{C55760FD-229D-4157-8694-47C284BDD6AE}.Debug|x86.Build.0 = Debug|Win32
		{C55760FD-229D-4157-8694-47C284BDD6AE}.Release|Any CPU.ActiveCfg = Release|x64
		{C55760FD-229D-4157-8694-47C284BDD6AE}.Release|Any CPU.Build.0 = Release|x64
		{C55760FD-229D-4157-8694-47C284BDD6AE}.Release|ARM64.ActiveCfg = Release|x64
		{C55760FD-229D-4157-8694-47C284BDD6AE}.Release|ARM64.Build.0 = Release|x64
		{C55760FD-229D-4157-8694-47C284BDD6AE}.Release|x64.ActiveCfg = Release|x64
		{C55760FD-229D-4157-8694-47C284BDD6AE}.Release|x64.Build.0 = Release|x64
		{C55760FD-229D-4157-8694-47C284BDD6AE}.Release|x86.ActiveCfg = Release|Win32
		{C55760FD-229D-4157-8694-47C284BDD6AE}.Release|x86.Build.0 = Release|Win32
		{F07D763B-10F9-4E85-A009-39082DEDBC7A}.Debug|Any CPU.ActiveCfg = Debug|x64
		{F07D763B-10F9-4E85-A009-39082DEDBC7A}.Debug|Any CPU.Build.0 = Debug|x64
		{F07D763B-10F9-4E85-A009-39082DEDBC7A}.Debug|ARM64.ActiveCfg = Debug|x64
		{F07D763B-10F9-4E85-A009-39082DEDBC7A}.Debug|ARM64.Build.0 = Debug|x64
		{F07D763B-10F9-4E85-A009-39082DEDBC7A}.Debug|x64.ActiveCfg = Debug|x64
		{F07D763B-10F9-4E85-A009-39082DEDBC7A}.Debug|x64.Build.0 = Debug|x64
		{F07D763B-10F9-4E85-A009-39082DEDBC7A}.Debug|x86.ActiveCfg = Debug|Win32
		{F07D763B-10F9-4E85-A009-39082DEDBC7A}.Debug|x86.Build.0 = Debug|Win32
		{F07D763B-10F9-4E85-A009-39082DEDBC7A}.Release|Any CPU.ActiveCfg = Release|x64
		{F07D763B-10F9-4E85-A009-39082DEDBC7A}.Release|Any CPU.Build.0 = Release|x64
		{F07D763B-10F9-4E85-A009-39082DEDBC7A}.Release|ARM64.ActiveCfg = Release|x64
		{F07D763B-10F9-4E85-A009-39082DEDBC7A}.Release|ARM64.Build.0 = Release|x64
		{F07D763B-10F9-4E85-A009-39082DEDBC7A}.Release|x64.ActiveCfg = Release|x64
		{F07D763B-10F9-4E85-A009-39082DEDBC7A}.Release|x64.Build.0 = Release|x64
		{F07D763B-10F9-4E85-A009-39082DEDBC7A}.Release|x86.ActiveCfg = Release|Win32
		{F07D763B-10F9-4E85-A009-39082DEDBC7A}.Release|x86.Build.0 = Release|Win32
		{DC0B2AED-F033-4935-9535-C062554AF32F}.Debug|Any CPU.ActiveCfg = Debug|x64
		{DC0B2AED-F033-4935-9535-C062554AF32F}.Debug|Any CPU.Build.0 = Debug|x64
		{DC0B2AED-F033-4935-9535-C062554AF32F}.Debug|Any CPU.Deploy.0 = Debug|x64
		{DC0B2AED-F033-4935-9535-C062554AF32F}.Debug|ARM64.ActiveCfg = Debug|ARM64
		{DC0B2AED-F033-4935-9535-C062554AF32F}.Debug|ARM64.Build.0 = Debug|ARM64
		{DC0B2AED-F033-4935-9535-C062554AF32F}.Debug|ARM64.Deploy.0 = Debug|ARM64
		{DC0B2AED-F033-4935-9535-C062554AF32F}.Debug|x64.ActiveCfg = Debug|x64
		{DC0B2AED-F033-4935-9535-C062554AF32F}.Debug|x64.Build.0 = Debug|x64
		{DC0B2AED-F033-4935-9535-C062554AF32F}.Debug|x64.Deploy.0 = Debug|x64
		{DC0B2AED-F033-4935-9535-C062554AF32F}.Debug|x86.ActiveCfg = Debug|x86
		{DC0B2AED-F033-4935-9535-C062554AF32F}.Debug|x86.Build.0 = Debug|x86
		{DC0B2AED-F033-4935-9535-C062554AF32F}.Debug|x86.Deploy.0 = Debug|x86
		{DC0B2AED-F033-4935-9535-C062554AF32F}.Release|Any CPU.ActiveCfg = Release|x64
		{DC0B2AED-F033-4935-9535-C062554AF32F}.Release|Any CPU.Build.0 = Release|x64
		{DC0B2AED-F033-4935-9535-C062554AF32F}.Release|Any CPU.Deploy.0 = Release|x64
		{DC0B2AED-F033-4935-9535-C062554AF32F}.Release|ARM64.ActiveCfg = Release|ARM64
		{DC0B2AED-F033-4935-9535-C062554AF32F}.Release|ARM64.Build.0 = Release|ARM64
		{DC0B2AED-F033-4935-9535-C062554AF32F}.Release|ARM64.Deploy.0 = Release|ARM64
		{DC0B2AED-F033-4935-9535-C062554AF32F}.Release|x64.ActiveCfg = Release|x64
		{DC0B2AED-F033-4935-9535-C062554AF32F}.Release|x64.Build.0 = Release|x64
		{DC0B2AED-F033-4935-9535-C062554AF32F}.Release|x64.Deploy.0 = Release|x64
		{DC0B2AED-F033-4935-9535-C062554AF32F}.Release|x86.ActiveCfg = Release|x86
		{DC0B2AED-F033-4935-9535-C062554AF32F}.Release|x86.Build.0 = Release|x86
		{DC0B2AED-F033-4935-9535-C062554AF32F}.Release|x86.Deploy.0 = Release|x86
		{B7899B87-13A9-4AB5-97B3-8D94ED6358B8}.Debug|Any CPU.ActiveCfg = Debug|Any CPU
		{B7899B87-13A9-4AB5-97B3-8D94ED6358B8}.Debug|Any CPU.Build.0 = Debug|Any CPU
		{B7899B87-13A9-4AB5-97B3-8D94ED6358B8}.Debug|ARM64.ActiveCfg = Debug|Any CPU
		{B7899B87-13A9-4AB5-97B3-8D94ED6358B8}.Debug|ARM64.Build.0 = Debug|Any CPU
		{B7899B87-13A9-4AB5-97B3-8D94ED6358B8}.Debug|x64.ActiveCfg = Debug|Any CPU
		{B7899B87-13A9-4AB5-97B3-8D94ED6358B8}.Debug|x64.Build.0 = Debug|Any CPU
		{B7899B87-13A9-4AB5-97B3-8D94ED6358B8}.Debug|x86.ActiveCfg = Debug|Any CPU
		{B7899B87-13A9-4AB5-97B3-8D94ED6358B8}.Debug|x86.Build.0 = Debug|Any CPU
		{B7899B87-13A9-4AB5-97B3-8D94ED6358B8}.Release|Any CPU.ActiveCfg = Release|Any CPU
		{B7899B87-13A9-4AB5-97B3-8D94ED6358B8}.Release|Any CPU.Build.0 = Release|Any CPU
		{B7899B87-13A9-4AB5-97B3-8D94ED6358B8}.Release|ARM64.ActiveCfg = Release|Any CPU
		{B7899B87-13A9-4AB5-97B3-8D94ED6358B8}.Release|ARM64.Build.0 = Release|Any CPU
		{B7899B87-13A9-4AB5-97B3-8D94ED6358B8}.Release|x64.ActiveCfg = Release|Any CPU
		{B7899B87-13A9-4AB5-97B3-8D94ED6358B8}.Release|x64.Build.0 = Release|Any CPU
		{B7899B87-13A9-4AB5-97B3-8D94ED6358B8}.Release|x86.ActiveCfg = Release|Any CPU
		{B7899B87-13A9-4AB5-97B3-8D94ED6358B8}.Release|x86.Build.0 = Release|Any CPU
	EndGlobalSection
	GlobalSection(SolutionProperties) = preSolution
		HideSolutionNode = FALSE
	EndGlobalSection
	GlobalSection(ExtensibilityGlobals) = postSolution
		SolutionGuid = {B2B16740-CCFF-4855-B65C-EDB2F9601B07}
	EndGlobalSection
EndGlobal
